
Microsoft Visual Studio Solution File, Format Version 12.00
# Visual Studio 14
VisualStudioVersion = 14.0.24720.0
MinimumVisualStudioVersion = 10.0.40219.1
Project("{FAE04EC0-301F-11D3-BF4B-00C04F79EFBC}") = "AzureRange.Console", "AzureRange.Console\AzureRange.Console.csproj", "{A2537B09-A1E4-45CA-A11F-8DD9A08DBB8B}"
EndProject
Project("{FAE04EC0-301F-11D3-BF4B-00C04F79EFBC}") = "AzureRange.Common", "AzureRange.Common\AzureRange.Common.csproj", "{CF4F503C-5E28-4B21-ADF7-6D8281C8BD68}"
EndProject
Project("{FAE04EC0-301F-11D3-BF4B-00C04F79EFBC}") = "AzureRange.Common.Test", "AzureRange.Common.Test\AzureRange.Common.Test.csproj", "{1DA180CD-250E-4109-A256-BFC8CD69AD6A}"
EndProject
Project("{FAE04EC0-301F-11D3-BF4B-00C04F79EFBC}") = "AzureRange.Website", "AzureRange.Website\AzureRange.Website.csproj", "{D6D54DDF-12FD-4654-B42C-4BD4DD74CCAD}"
EndProject
Global
	GlobalSection(SolutionConfigurationPlatforms) = preSolution
		Debug|Any CPU = Debug|Any CPU
		Release|Any CPU = Release|Any CPU
	EndGlobalSection
	GlobalSection(ProjectConfigurationPlatforms) = postSolution
		{A2537B09-A1E4-45CA-A11F-8DD9A08DBB8B}.Debug|Any CPU.ActiveCfg = Debug|Any CPU
		{A2537B09-A1E4-45CA-A11F-8DD9A08DBB8B}.Debug|Any CPU.Build.0 = Debug|Any CPU
		{A2537B09-A1E4-45CA-A11F-8DD9A08DBB8B}.Release|Any CPU.ActiveCfg = Release|Any CPU
		{A2537B09-A1E4-45CA-A11F-8DD9A08DBB8B}.Release|Any CPU.Build.0 = Release|Any CPU
		{CF4F503C-5E28-4B21-ADF7-6D8281C8BD68}.Debug|Any CPU.ActiveCfg = Debug|Any CPU
		{CF4F503C-5E28-4B21-ADF7-6D8281C8BD68}.Debug|Any CPU.Build.0 = Debug|Any CPU
		{CF4F503C-5E28-4B21-ADF7-6D8281C8BD68}.Debug|Any CPU.Deploy.0 = Debug|Any CPU
		{CF4F503C-5E28-4B21-ADF7-6D8281C8BD68}.Release|Any CPU.ActiveCfg = Release|Any CPU
		{CF4F503C-5E28-4B21-ADF7-6D8281C8BD68}.Release|Any CPU.Build.0 = Release|Any CPU
		{1DA180CD-250E-4109-A256-BFC8CD69AD6A}.Debug|Any CPU.ActiveCfg = Debug|Any CPU
		{1DA180CD-250E-4109-A256-BFC8CD69AD6A}.Debug|Any CPU.Build.0 = Debug|Any CPU
		{1DA180CD-250E-4109-A256-BFC8CD69AD6A}.Release|Any CPU.ActiveCfg = Release|Any CPU
		{1DA180CD-250E-4109-A256-BFC8CD69AD6A}.Release|Any CPU.Build.0 = Release|Any CPU
		{D6D54DDF-12FD-4654-B42C-4BD4DD74CCAD}.Debug|Any CPU.ActiveCfg = Debug|Any CPU
		{D6D54DDF-12FD-4654-B42C-4BD4DD74CCAD}.Debug|Any CPU.Build.0 = Debug|Any CPU
		{D6D54DDF-12FD-4654-B42C-4BD4DD74CCAD}.Release|Any CPU.ActiveCfg = Release|Any CPU
		{D6D54DDF-12FD-4654-B42C-4BD4DD74CCAD}.Release|Any CPU.Build.0 = Release|Any CPU
	EndGlobalSection
	GlobalSection(SolutionProperties) = preSolution
		HideSolutionNode = FALSE
	EndGlobalSection
EndGlobal
